// !$*UTF8*$!
{
	archiveVersion = 1;
	classes = {
	};
	objectVersion = 55;
	objects = {

/* Begin PBXBuildFile section */
		9E3CA9092730053A005501C1 /* Habibi-Regular.ttf in Resources */ = {isa = PBXBuildFile; fileRef = 9E3CA9082730053A005501C1 /* Habibi-Regular.ttf */; };
		9E3CA90B2730087F005501C1 /* ExpandedTextField.swift in Sources */ = {isa = PBXBuildFile; fileRef = 9E3CA90A2730087F005501C1 /* ExpandedTextField.swift */; };
		9ED2515F2747CB1900F56196 /* ChatsListController.swift in Sources */ = {isa = PBXBuildFile; fileRef = 9ED2515E2747CB1900F56196 /* ChatsListController.swift */; };
		9ED251612747CC4E00F56196 /* ChatListModel.swift in Sources */ = {isa = PBXBuildFile; fileRef = 9ED251602747CC4E00F56196 /* ChatListModel.swift */; };
		9ED251632747F14C00F56196 /* ChatCellView.swift in Sources */ = {isa = PBXBuildFile; fileRef = 9ED251622747F14C00F56196 /* ChatCellView.swift */; };
		9EEBAF67271430F700DE23ED /* AppDelegate.swift in Sources */ = {isa = PBXBuildFile; fileRef = 9EEBAF66271430F700DE23ED /* AppDelegate.swift */; };
		9EEBAF69271430F700DE23ED /* SceneDelegate.swift in Sources */ = {isa = PBXBuildFile; fileRef = 9EEBAF68271430F700DE23ED /* SceneDelegate.swift */; };
		9EEBAF6B271430F700DE23ED /* ViewController.swift in Sources */ = {isa = PBXBuildFile; fileRef = 9EEBAF6A271430F700DE23ED /* ViewController.swift */; };
		9EEBAF6E271430F700DE23ED /* Main.storyboard in Resources */ = {isa = PBXBuildFile; fileRef = 9EEBAF6C271430F700DE23ED /* Main.storyboard */; };
		9EEBAF70271430FB00DE23ED /* Assets.xcassets in Resources */ = {isa = PBXBuildFile; fileRef = 9EEBAF6F271430FB00DE23ED /* Assets.xcassets */; };
		9EEBAF73271430FB00DE23ED /* LaunchScreen.storyboard in Resources */ = {isa = PBXBuildFile; fileRef = 9EEBAF71271430FB00DE23ED /* LaunchScreen.storyboard */; };
		9EEBAF7D2714342F00DE23ED /* ChatViewController.swift in Sources */ = {isa = PBXBuildFile; fileRef = 9EEBAF7C2714342F00DE23ED /* ChatViewController.swift */; };
		9EEBAF802714378C00DE23ED /* MessageCell.swift in Sources */ = {isa = PBXBuildFile; fileRef = 9EEBAF7F2714378B00DE23ED /* MessageCell.swift */; };
		9EEBAF83271438F600DE23ED /* MessageModel.swift in Sources */ = {isa = PBXBuildFile; fileRef = 9EEBAF82271438F600DE23ED /* MessageModel.swift */; };
		9EEBAF862714A71E00DE23ED /* DateHeader.swift in Sources */ = {isa = PBXBuildFile; fileRef = 9EEBAF852714A71D00DE23ED /* DateHeader.swift */; };
/* End PBXBuildFile section */

/* Begin PBXFileReference section */
		9E3CA9082730053A005501C1 /* Habibi-Regular.ttf */ = {isa = PBXFileReference; lastKnownFileType = file; path = "Habibi-Regular.ttf"; sourceTree = "<group>"; };
		9E3CA90A2730087F005501C1 /* ExpandedTextField.swift */ = {isa = PBXFileReference; lastKnownFileType = sourcecode.swift; path = ExpandedTextField.swift; sourceTree = "<group>"; };
		9ED2515E2747CB1900F56196 /* ChatsListController.swift */ = {isa = PBXFileReference; lastKnownFileType = sourcecode.swift; path = ChatsListController.swift; sourceTree = "<group>"; };
		9ED251602747CC4E00F56196 /* ChatListModel.swift */ = {isa = PBXFileReference; lastKnownFileType = sourcecode.swift; path = ChatListModel.swift; sourceTree = "<group>"; };
		9ED251622747F14C00F56196 /* ChatCellView.swift */ = {isa = PBXFileReference; lastKnownFileType = sourcecode.swift; path = ChatCellView.swift; sourceTree = "<group>"; };
		9EEBAF63271430F700DE23ED /* HomeChat.app */ = {isa = PBXFileReference; explicitFileType = wrapper.application; includeInIndex = 0; path = HomeChat.app; sourceTree = BUILT_PRODUCTS_DIR; };
		9EEBAF66271430F700DE23ED /* AppDelegate.swift */ = {isa = PBXFileReference; lastKnownFileType = sourcecode.swift; path = AppDelegate.swift; sourceTree = "<group>"; };
		9EEBAF68271430F700DE23ED /* SceneDelegate.swift */ = {isa = PBXFileReference; lastKnownFileType = sourcecode.swift; path = SceneDelegate.swift; sourceTree = "<group>"; };
		9EEBAF6A271430F700DE23ED /* ViewController.swift */ = {isa = PBXFileReference; lastKnownFileType = sourcecode.swift; path = ViewController.swift; sourceTree = "<group>"; };
		9EEBAF6D271430F700DE23ED /* Base */ = {isa = PBXFileReference; lastKnownFileType = file.storyboard; name = Base; path = Base.lproj/Main.storyboard; sourceTree = "<group>"; };
		9EEBAF6F271430FB00DE23ED /* Assets.xcassets */ = {isa = PBXFileReference; lastKnownFileType = folder.assetcatalog; path = Assets.xcassets; sourceTree = "<group>"; };
		9EEBAF72271430FB00DE23ED /* Base */ = {isa = PBXFileReference; lastKnownFileType = file.storyboard; name = Base; path = Base.lproj/LaunchScreen.storyboard; sourceTree = "<group>"; };
		9EEBAF74271430FB00DE23ED /* Info.plist */ = {isa = PBXFileReference; lastKnownFileType = text.plist.xml; path = Info.plist; sourceTree = "<group>"; };
		9EEBAF7C2714342F00DE23ED /* ChatViewController.swift */ = {isa = PBXFileReference; lastKnownFileType = sourcecode.swift; path = ChatViewController.swift; sourceTree = "<group>"; };
		9EEBAF7F2714378B00DE23ED /* MessageCell.swift */ = {isa = PBXFileReference; lastKnownFileType = sourcecode.swift; path = MessageCell.swift; sourceTree = "<group>"; };
		9EEBAF82271438F600DE23ED /* MessageModel.swift */ = {isa = PBXFileReference; lastKnownFileType = sourcecode.swift; path = MessageModel.swift; sourceTree = "<group>"; };
		9EEBAF852714A71D00DE23ED /* DateHeader.swift */ = {isa = PBXFileReference; lastKnownFileType = sourcecode.swift; path = DateHeader.swift; sourceTree = "<group>"; };
/* End PBXFileReference section */

/* Begin PBXFrameworksBuildPhase section */
		9EEBAF60271430F700DE23ED /* Frameworks */ = {
			isa = PBXFrameworksBuildPhase;
			buildActionMask = 2147483647;
			files = (
			);
			runOnlyForDeploymentPostprocessing = 0;
		};
/* End PBXFrameworksBuildPhase section */

/* Begin PBXGroup section */
		9E3CA90727300511005501C1 /* CustomFonts */ = {
			isa = PBXGroup;
			children = (
				9E3CA9082730053A005501C1 /* Habibi-Regular.ttf */,
			);
			path = CustomFonts;
			sourceTree = "<group>";
		};
		9ED2515B2747CA9700F56196 /* ChatsList */ = {
			isa = PBXGroup;
			children = (
				9ED2515D2747CAE900F56196 /* View */,
				9ED2515C2747CAD900F56196 /* Model */,
				9ED2515E2747CB1900F56196 /* ChatsListController.swift */,
			);
			path = ChatsList;
			sourceTree = "<group>";
		};
		9ED2515C2747CAD900F56196 /* Model */ = {
			isa = PBXGroup;
			children = (
				9ED251602747CC4E00F56196 /* ChatListModel.swift */,
			);
			path = Model;
			sourceTree = "<group>";
		};
		9ED2515D2747CAE900F56196 /* View */ = {
			isa = PBXGroup;
			children = (
				9ED251622747F14C00F56196 /* ChatCellView.swift */,
			);
			path = View;
			sourceTree = "<group>";
		};
		9EEBAF5A271430F700DE23ED = {
			isa = PBXGroup;
			children = (
				9E3CA90727300511005501C1 /* CustomFonts */,
				9EEBAF65271430F700DE23ED /* HomeChat */,
				9EEBAF64271430F700DE23ED /* Products */,
			);
			sourceTree = "<group>";
		};
		9EEBAF64271430F700DE23ED /* Products */ = {
			isa = PBXGroup;
			children = (
				9EEBAF63271430F700DE23ED /* HomeChat.app */,
			);
			name = Products;
			sourceTree = "<group>";
		};
		9EEBAF65271430F700DE23ED /* HomeChat */ = {
			isa = PBXGroup;
			children = (
				9ED2515B2747CA9700F56196 /* ChatsList */,
				9EEBAF7B2714328600DE23ED /* Chat */,
				9EEBAF66271430F700DE23ED /* AppDelegate.swift */,
				9EEBAF68271430F700DE23ED /* SceneDelegate.swift */,
				9EEBAF6A271430F700DE23ED /* ViewController.swift */,
				9EEBAF6C271430F700DE23ED /* Main.storyboard */,
				9EEBAF6F271430FB00DE23ED /* Assets.xcassets */,
				9EEBAF71271430FB00DE23ED /* LaunchScreen.storyboard */,
				9EEBAF74271430FB00DE23ED /* Info.plist */,
			);
			path = HomeChat;
			sourceTree = "<group>";
		};
		9EEBAF7B2714328600DE23ED /* Chat */ = {
			isa = PBXGroup;
			children = (
				9EEBAF842714A6FD00DE23ED /* Helps */,
				9EEBAF81271438E500DE23ED /* Model */,
				9EEBAF7E2714377300DE23ED /* View */,
				9EEBAF7C2714342F00DE23ED /* ChatViewController.swift */,
			);
			path = Chat;
			sourceTree = "<group>";
		};
		9EEBAF7E2714377300DE23ED /* View */ = {
			isa = PBXGroup;
			children = (
				9EEBAF7F2714378B00DE23ED /* MessageCell.swift */,
				9E3CA90A2730087F005501C1 /* ExpandedTextField.swift */,
			);
			path = View;
			sourceTree = "<group>";
		};
		9EEBAF81271438E500DE23ED /* Model */ = {
			isa = PBXGroup;
			children = (
				9EEBAF82271438F600DE23ED /* MessageModel.swift */,
			);
			path = Model;
			sourceTree = "<group>";
		};
		9EEBAF842714A6FD00DE23ED /* Helps */ = {
			isa = PBXGroup;
			children = (
				9EEBAF852714A71D00DE23ED /* DateHeader.swift */,
			);
			path = Helps;
			sourceTree = "<group>";
		};
/* End PBXGroup section */

/* Begin PBXNativeTarget section */
		9EEBAF62271430F700DE23ED /* HomeChat */ = {
			isa = PBXNativeTarget;
			buildConfigurationList = 9EEBAF77271430FB00DE23ED /* Build configuration list for PBXNativeTarget "HomeChat" */;
			buildPhases = (
				9EEBAF5F271430F700DE23ED /* Sources */,
				9EEBAF60271430F700DE23ED /* Frameworks */,
				9EEBAF61271430F700DE23ED /* Resources */,
			);
			buildRules = (
			);
			dependencies = (
			);
			name = HomeChat;
			productName = HomeChat;
			productReference = 9EEBAF63271430F700DE23ED /* HomeChat.app */;
			productType = "com.apple.product-type.application";
		};
/* End PBXNativeTarget section */

/* Begin PBXProject section */
		9EEBAF5B271430F700DE23ED /* Project object */ = {
			isa = PBXProject;
			attributes = {
				BuildIndependentTargetsInParallel = 1;
				LastSwiftUpdateCheck = 1300;
				LastUpgradeCheck = 1300;
				TargetAttributes = {
					9EEBAF62271430F700DE23ED = {
						CreatedOnToolsVersion = 13.0;
					};
				};
			};
			buildConfigurationList = 9EEBAF5E271430F700DE23ED /* Build configuration list for PBXProject "HomeChat" */;
			compatibilityVersion = "Xcode 13.0";
			developmentRegion = en;
			hasScannedForEncodings = 0;
			knownRegions = (
				en,
				Base,
			);
			mainGroup = 9EEBAF5A271430F700DE23ED;
			productRefGroup = 9EEBAF64271430F700DE23ED /* Products */;
			projectDirPath = "";
			projectRoot = "";
			targets = (
				9EEBAF62271430F700DE23ED /* HomeChat */,
			);
		};
/* End PBXProject section */

/* Begin PBXResourcesBuildPhase section */
		9EEBAF61271430F700DE23ED /* Resources */ = {
			isa = PBXResourcesBuildPhase;
			buildActionMask = 2147483647;
			files = (
				9E3CA9092730053A005501C1 /* Habibi-Regular.ttf in Resources */,
				9EEBAF73271430FB00DE23ED /* LaunchScreen.storyboard in Resources */,
				9EEBAF70271430FB00DE23ED /* Assets.xcassets in Resources */,
				9EEBAF6E271430F700DE23ED /* Main.storyboard in Resources */,
			);
			runOnlyForDeploymentPostprocessing = 0;
		};
/* End PBXResourcesBuildPhase section */

/* Begin PBXSourcesBuildPhase section */
		9EEBAF5F271430F700DE23ED /* Sources */ = {
			isa = PBXSourcesBuildPhase;
			buildActionMask = 2147483647;
			files = (
				9ED251632747F14C00F56196 /* ChatCellView.swift in Sources */,
				9EEBAF6B271430F700DE23ED /* ViewController.swift in Sources */,
				9EEBAF83271438F600DE23ED /* MessageModel.swift in Sources */,
				9ED2515F2747CB1900F56196 /* ChatsListController.swift in Sources */,
				9EEBAF862714A71E00DE23ED /* DateHeader.swift in Sources */,
				9E3CA90B2730087F005501C1 /* ExpandedTextField.swift in Sources */,
				9ED251612747CC4E00F56196 /* ChatListModel.swift in Sources */,
				9EEBAF802714378C00DE23ED /* MessageCell.swift in Sources */,
				9EEBAF67271430F700DE23ED /* AppDelegate.swift in Sources */,
				9EEBAF7D2714342F00DE23ED /* ChatViewController.swift in Sources */,
				9EEBAF69271430F700DE23ED /* SceneDelegate.swift in Sources */,
			);
			runOnlyForDeploymentPostprocessing = 0;
		};
/* End PBXSourcesBuildPhase section */

/* Begin PBXVariantGroup section */
		9EEBAF6C271430F700DE23ED /* Main.storyboard */ = {
			isa = PBXVariantGroup;
			children = (
				9EEBAF6D271430F700DE23ED /* Base */,
			);
			name = Main.storyboard;
			sourceTree = "<group>";
		};
		9EEBAF71271430FB00DE23ED /* LaunchScreen.storyboard */ = {
			isa = PBXVariantGroup;
			children = (
				9EEBAF72271430FB00DE23ED /* Base */,
			);
			name = LaunchScreen.storyboard;
			sourceTree = "<group>";
		};
/* End PBXVariantGroup section */

/* Begin XCBuildConfiguration section */
		9EEBAF75271430FB00DE23ED /* Debug */ = {
			isa = XCBuildConfiguration;
			buildSettings = {
				ALWAYS_SEARCH_USER_PATHS = NO;
				CLANG_ANALYZER_NONNULL = YES;
				CLANG_ANALYZER_NUMBER_OBJECT_CONVERSION = YES_AGGRESSIVE;
				CLANG_CXX_LANGUAGE_STANDARD = "gnu++17";
				CLANG_CXX_LIBRARY = "libc++";
				CLANG_ENABLE_MODULES = YES;
				CLANG_ENABLE_OBJC_ARC = YES;
				CLANG_ENABLE_OBJC_WEAK = YES;
				CLANG_WARN_BLOCK_CAPTURE_AUTORELEASING = YES;
				CLANG_WARN_BOOL_CONVERSION = YES;
				CLANG_WARN_COMMA = YES;
				CLANG_WARN_CONSTANT_CONVERSION = YES;
				CLANG_WARN_DEPRECATED_OBJC_IMPLEMENTATIONS = YES;
				CLANG_WARN_DIRECT_OBJC_ISA_USAGE = YES_ERROR;
				CLANG_WARN_DOCUMENTATION_COMMENTS = YES;
				CLANG_WARN_EMPTY_BODY = YES;
				CLANG_WARN_ENUM_CONVERSION = YES;
				CLANG_WARN_INFINITE_RECURSION = YES;
				CLANG_WARN_INT_CONVERSION = YES;
				CLANG_WARN_NON_LITERAL_NULL_CONVERSION = YES;
				CLANG_WARN_OBJC_IMPLICIT_RETAIN_SELF = YES;
				CLANG_WARN_OBJC_LITERAL_CONVERSION = YES;
				CLANG_WARN_OBJC_ROOT_CLASS = YES_ERROR;
				CLANG_WARN_QUOTED_INCLUDE_IN_FRAMEWORK_HEADER = YES;
				CLANG_WARN_RANGE_LOOP_ANALYSIS = YES;
				CLANG_WARN_STRICT_PROTOTYPES = YES;
				CLANG_WARN_SUSPICIOUS_MOVE = YES;
				CLANG_WARN_UNGUARDED_AVAILABILITY = YES_AGGRESSIVE;
				CLANG_WARN_UNREACHABLE_CODE = YES;
				CLANG_WARN__DUPLICATE_METHOD_MATCH = YES;
				COPY_PHASE_STRIP = NO;
				DEBUG_INFORMATION_FORMAT = dwarf;
				ENABLE_STRICT_OBJC_MSGSEND = YES;
				ENABLE_TESTABILITY = YES;
				GCC_C_LANGUAGE_STANDARD = gnu11;
				GCC_DYNAMIC_NO_PIC = NO;
				GCC_NO_COMMON_BLOCKS = YES;
				GCC_OPTIMIZATION_LEVEL = 0;
				GCC_PREPROCESSOR_DEFINITIONS = (
					"DEBUG=1",
					"$(inherited)",
				);
				GCC_WARN_64_TO_32_BIT_CONVERSION = YES;
				GCC_WARN_ABOUT_RETURN_TYPE = YES_ERROR;
				GCC_WARN_UNDECLARED_SELECTOR = YES;
				GCC_WARN_UNINITIALIZED_AUTOS = YES_AGGRESSIVE;
				GCC_WARN_UNUSED_FUNCTION = YES;
				GCC_WARN_UNUSED_VARIABLE = YES;
				IPHONEOS_DEPLOYMENT_TARGET = 15.0;
				MTL_ENABLE_DEBUG_INFO = INCLUDE_SOURCE;
				MTL_FAST_MATH = YES;
				ONLY_ACTIVE_ARCH = YES;
				SDKROOT = iphoneos;
				SWIFT_ACTIVE_COMPILATION_CONDITIONS = DEBUG;
				SWIFT_OPTIMIZATION_LEVEL = "-Onone";
			};
			name = Debug;
		};
		9EEBAF76271430FB00DE23ED /* Release */ = {
			isa = XCBuildConfiguration;
			buildSettings = {
				ALWAYS_SEARCH_USER_PATHS = NO;
				CLANG_ANALYZER_NONNULL = YES;
				CLANG_ANALYZER_NUMBER_OBJECT_CONVERSION = YES_AGGRESSIVE;
				CLANG_CXX_LANGUAGE_STANDARD = "gnu++17";
				CLANG_CXX_LIBRARY = "libc++";
				CLANG_ENABLE_MODULES = YES;
				CLANG_ENABLE_OBJC_ARC = YES;
				CLANG_ENABLE_OBJC_WEAK = YES;
				CLANG_WARN_BLOCK_CAPTURE_AUTORELEASING = YES;
				CLANG_WARN_BOOL_CONVERSION = YES;
				CLANG_WARN_COMMA = YES;
				CLANG_WARN_CONSTANT_CONVERSION = YES;
				CLANG_WARN_DEPRECATED_OBJC_IMPLEMENTATIONS = YES;
				CLANG_WARN_DIRECT_OBJC_ISA_USAGE = YES_ERROR;
				CLANG_WARN_DOCUMENTATION_COMMENTS = YES;
				CLANG_WARN_EMPTY_BODY = YES;
				CLANG_WARN_ENUM_CONVERSION = YES;
				CLANG_WARN_INFINITE_RECURSION = YES;
				CLANG_WARN_INT_CONVERSION = YES;
				CLANG_WARN_NON_LITERAL_NULL_CONVERSION = YES;
				CLANG_WARN_OBJC_IMPLICIT_RETAIN_SELF = YES;
				CLANG_WARN_OBJC_LITERAL_CONVERSION = YES;
				CLANG_WARN_OBJC_ROOT_CLASS = YES_ERROR;
				CLANG_WARN_QUOTED_INCLUDE_IN_FRAMEWORK_HEADER = YES;
				CLANG_WARN_RANGE_LOOP_ANALYSIS = YES;
				CLANG_WARN_STRICT_PROTOTYPES = YES;
				CLANG_WARN_SUSPICIOUS_MOVE = YES;
				CLANG_WARN_UNGUARDED_AVAILABILITY = YES_AGGRESSIVE;
				CLANG_WARN_UNREACHABLE_CODE = YES;
				CLANG_WARN__DUPLICATE_METHOD_MATCH = YES;
				COPY_PHASE_STRIP = NO;
				DEBUG_INFORMATION_FORMAT = "dwarf-with-dsym";
				ENABLE_NS_ASSERTIONS = NO;
				ENABLE_STRICT_OBJC_MSGSEND = YES;
				GCC_C_LANGUAGE_STANDARD = gnu11;
				GCC_NO_COMMON_BLOCKS = YES;
				GCC_WARN_64_TO_32_BIT_CONVERSION = YES;
				GCC_WARN_ABOUT_RETURN_TYPE = YES_ERROR;
				GCC_WARN_UNDECLARED_SELECTOR = YES;
				GCC_WARN_UNINITIALIZED_AUTOS = YES_AGGRESSIVE;
				GCC_WARN_UNUSED_FUNCTION = YES;
				GCC_WARN_UNUSED_VARIABLE = YES;
				IPHONEOS_DEPLOYMENT_TARGET = 15.0;
				MTL_ENABLE_DEBUG_INFO = NO;
				MTL_FAST_MATH = YES;
				SDKROOT = iphoneos;
				SWIFT_COMPILATION_MODE = wholemodule;
				SWIFT_OPTIMIZATION_LEVEL = "-O";
				VALIDATE_PRODUCT = YES;
			};
			name = Release;
		};
		9EEBAF78271430FB00DE23ED /* Debug */ = {
			isa = XCBuildConfiguration;
			buildSettings = {
				ASSETCATALOG_COMPILER_APPICON_NAME = AppIcon;
				ASSETCATALOG_COMPILER_GLOBAL_ACCENT_COLOR_NAME = AccentColor;
				CODE_SIGN_STYLE = Automatic;
				CURRENT_PROJECT_VERSION = 1;
				GENERATE_INFOPLIST_FILE = YES;
				INFOPLIST_FILE = HomeChat/Info.plist;
				INFOPLIST_KEY_UIApplicationSupportsIndirectInputEvents = YES;
				INFOPLIST_KEY_UILaunchStoryboardName = LaunchScreen;
				INFOPLIST_KEY_UIMainStoryboardFile = Main;
				INFOPLIST_KEY_UISupportedInterfaceOrientations_iPad = "UIInterfaceOrientationPortrait UIInterfaceOrientationPortraitUpsideDown UIInterfaceOrientationLandscapeLeft UIInterfaceOrientationLandscapeRight";
				INFOPLIST_KEY_UISupportedInterfaceOrientations_iPhone = "UIInterfaceOrientationPortrait UIInterfaceOrientationLandscapeLeft UIInterfaceOrientationLandscapeRight";
				LD_RUNPATH_SEARCH_PATHS = (
					"$(inherited)",
					"@executable_path/Frameworks",
				);
				MARKETING_VERSION = 1.0;
				PRODUCT_BUNDLE_IDENTIFIER = com.HomeChat;
				PRODUCT_NAME = "$(TARGET_NAME)";
				SWIFT_EMIT_LOC_STRINGS = YES;
				SWIFT_VERSION = 5.0;
				TARGETED_DEVICE_FAMILY = "1,2";
			};
			name = Debug;
		};
		9EEBAF79271430FB00DE23ED /* Release */ = {
			isa = XCBuildConfiguration;
			buildSettings = {
				ASSETCATALOG_COMPILER_APPICON_NAME = AppIcon;
				ASSETCATALOG_COMPILER_GLOBAL_ACCENT_COLOR_NAME = AccentColor;
				CODE_SIGN_STYLE = Automatic;
				CURRENT_PROJECT_VERSION = 1;
				GENERATE_INFOPLIST_FILE = YES;
				INFOPLIST_FILE = HomeChat/Info.plist;
				INFOPLIST_KEY_UIApplicationSupportsIndirectInputEvents = YES;
				INFOPLIST_KEY_UILaunchStoryboardName = LaunchScreen;
				INFOPLIST_KEY_UIMainStoryboardFile = Main;
				INFOPLIST_KEY_UISupportedInterfaceOrientations_iPad = "UIInterfaceOrientationPortrait UIInterfaceOrientationPortraitUpsideDown UIInterfaceOrientationLandscapeLeft UIInterfaceOrientationLandscapeRight";
				INFOPLIST_KEY_UISupportedInterfaceOrientations_iPhone = "UIInterfaceOrientationPortrait UIInterfaceOrientationLandscapeLeft UIInterfaceOrientationLandscapeRight";
				LD_RUNPATH_SEARCH_PATHS = (
					"$(inherited)",
					"@executable_path/Frameworks",
				);
				MARKETING_VERSION = 1.0;
				PRODUCT_BUNDLE_IDENTIFIER = com.HomeChat;
				PRODUCT_NAME = "$(TARGET_NAME)";
				SWIFT_EMIT_LOC_STRINGS = YES;
				SWIFT_VERSION = 5.0;
				TARGETED_DEVICE_FAMILY = "1,2";
			};
			name = Release;
		};
/* End XCBuildConfiguration section */

/* Begin XCConfigurationList section */
		9EEBAF5E271430F700DE23ED /* Build configuration list for PBXProject "HomeChat" */ = {
			isa = XCConfigurationList;
			buildConfigurations = (
				9EEBAF75271430FB00DE23ED /* Debug */,
				9EEBAF76271430FB00DE23ED /* Release */,
			);
			defaultConfigurationIsVisible = 0;
			defaultConfigurationName = Release;
		};
		9EEBAF77271430FB00DE23ED /* Build configuration list for PBXNativeTarget "HomeChat" */ = {
			isa = XCConfigurationList;
			buildConfigurations = (
				9EEBAF78271430FB00DE23ED /* Debug */,
				9EEBAF79271430FB00DE23ED /* Release */,
			);
			defaultConfigurationIsVisible = 0;
			defaultConfigurationName = Release;
		};
/* End XCConfigurationList section */
	};
	rootObject = 9EEBAF5B271430F700DE23ED /* Project object */;
}
